// !$*UTF8*$!
{
	archiveVersion = 1;
	classes = {
	};
	objectVersion = 46;
	objects = {

/* Begin PBXBuildFile section */
		1A1A4A5F16EB123400EF7BBE /* UIKit.framework in Frameworks */ = {isa = PBXBuildFile; fileRef = 1A1A4A5E16EB123400EF7BBE /* UIKit.framework */; };
		1A1A4A6116EB123400EF7BBE /* Foundation.framework in Frameworks */ = {isa = PBXBuildFile; fileRef = 1A1A4A6016EB123400EF7BBE /* Foundation.framework */; };
		1A1A4A6316EB123400EF7BBE /* CoreGraphics.framework in Frameworks */ = {isa = PBXBuildFile; fileRef = 1A1A4A6216EB123400EF7BBE /* CoreGraphics.framework */; };
		1A1A4A6916EB123400EF7BBE /* InfoPlist.strings in Resources */ = {isa = PBXBuildFile; fileRef = 1A1A4A6716EB123400EF7BBE /* InfoPlist.strings */; };
		1A1A4A6B16EB123400EF7BBE /* main.m in Sources */ = {isa = PBXBuildFile; fileRef = 1A1A4A6A16EB123400EF7BBE /* main.m */; };
		1A1A4A6F16EB123400EF7BBE /* LesAppDelegate.m in Sources */ = {isa = PBXBuildFile; fileRef = 1A1A4A6E16EB123400EF7BBE /* LesAppDelegate.m */; };
		1A1A4A7116EB123400EF7BBE /* Default.png in Resources */ = {isa = PBXBuildFile; fileRef = 1A1A4A7016EB123400EF7BBE /* Default.png */; };
		1A1A4A7316EB123400EF7BBE /* Default@2x.png in Resources */ = {isa = PBXBuildFile; fileRef = 1A1A4A7216EB123400EF7BBE /* Default@2x.png */; };
		1A1A4A7516EB123400EF7BBE /* Default-568h@2x.png in Resources */ = {isa = PBXBuildFile; fileRef = 1A1A4A7416EB123400EF7BBE /* Default-568h@2x.png */; };
		1A1A4A7816EB123400EF7BBE /* MainStoryboard.storyboard in Resources */ = {isa = PBXBuildFile; fileRef = 1A1A4A7616EB123400EF7BBE /* MainStoryboard.storyboard */; };
		1A1A4A7B16EB123400EF7BBE /* LesViewController.m in Sources */ = {isa = PBXBuildFile; fileRef = 1A1A4A7A16EB123400EF7BBE /* LesViewController.m */; };
		1A1A4A8616EB1E4900EF7BBE /* icon.png in Resources */ = {isa = PBXBuildFile; fileRef = 1A1A4A8516EB1E4900EF7BBE /* icon.png */; };
		1A1A4A8816EB1E5000EF7BBE /* icon@2x.png in Resources */ = {isa = PBXBuildFile; fileRef = 1A1A4A8716EB1E5000EF7BBE /* icon@2x.png */; };
		1A1F4BD216F7070D00A3989D /* favorite_0.png in Resources */ = {isa = PBXBuildFile; fileRef = 1A1F4BD116F7070D00A3989D /* favorite_0.png */; };
		1A1F4BD416F707E300A3989D /* favorite_1.png in Resources */ = {isa = PBXBuildFile; fileRef = 1A1F4BD316F707E300A3989D /* favorite_1.png */; };
		1A22CFA016EDF3E500ED9EF5 /* AFHTTPClient.m in Sources */ = {isa = PBXBuildFile; fileRef = 1A22CF8E16EDF3E500ED9EF5 /* AFHTTPClient.m */; };
		1A22CFA116EDF3E500ED9EF5 /* AFHTTPRequestOperation.m in Sources */ = {isa = PBXBuildFile; fileRef = 1A22CF9016EDF3E500ED9EF5 /* AFHTTPRequestOperation.m */; };
		1A22CFA216EDF3E500ED9EF5 /* AFImageRequestOperation.m in Sources */ = {isa = PBXBuildFile; fileRef = 1A22CF9216EDF3E500ED9EF5 /* AFImageRequestOperation.m */; };
		1A22CFA316EDF3E500ED9EF5 /* AFJSONRequestOperation.m in Sources */ = {isa = PBXBuildFile; fileRef = 1A22CF9416EDF3E500ED9EF5 /* AFJSONRequestOperation.m */; };
		1A22CFA416EDF3E500ED9EF5 /* AFNetworkActivityIndicatorManager.m in Sources */ = {isa = PBXBuildFile; fileRef = 1A22CF9616EDF3E500ED9EF5 /* AFNetworkActivityIndicatorManager.m */; };
		1A22CFA516EDF3E500ED9EF5 /* AFPropertyListRequestOperation.m in Sources */ = {isa = PBXBuildFile; fileRef = 1A22CF9916EDF3E500ED9EF5 /* AFPropertyListRequestOperation.m */; };
		1A22CFA616EDF3E500ED9EF5 /* AFURLConnectionOperation.m in Sources */ = {isa = PBXBuildFile; fileRef = 1A22CF9B16EDF3E500ED9EF5 /* AFURLConnectionOperation.m */; };
		1A22CFA716EDF3E500ED9EF5 /* AFXMLRequestOperation.m in Sources */ = {isa = PBXBuildFile; fileRef = 1A22CF9D16EDF3E500ED9EF5 /* AFXMLRequestOperation.m */; };
		1A22CFA816EDF3E500ED9EF5 /* UIImageView+AFNetworking.m in Sources */ = {isa = PBXBuildFile; fileRef = 1A22CF9F16EDF3E500ED9EF5 /* UIImageView+AFNetworking.m */; };
		1A22CFB016EDF9F700ED9EF5 /* AFDownloadRequestOperation.m in Sources */ = {isa = PBXBuildFile; fileRef = 1A22CFAC16EDF9F700ED9EF5 /* AFDownloadRequestOperation.m */; };
		1A22CFB116EDF9F700ED9EF5 /* AFDownloadRequestOperation.podspec in Resources */ = {isa = PBXBuildFile; fileRef = 1A22CFAD16EDF9F700ED9EF5 /* AFDownloadRequestOperation.podspec */; };
		1A22CFB216EDF9F700ED9EF5 /* LICENCE in Resources */ = {isa = PBXBuildFile; fileRef = 1A22CFAE16EDF9F700ED9EF5 /* LICENCE */; };
		1A22CFB316EDF9F700ED9EF5 /* README.md in Resources */ = {isa = PBXBuildFile; fileRef = 1A22CFAF16EDF9F700ED9EF5 /* README.md */; };
		1A22CFB616EE094800ED9EF5 /* LesNavigationController.m in Sources */ = {isa = PBXBuildFile; fileRef = 1A22CFB516EE094800ED9EF5 /* LesNavigationController.m */; };
		1A25566116EC8B1D004BECAC /* LesPreferenceViewController.m in Sources */ = {isa = PBXBuildFile; fileRef = 1A25566016EC8B1D004BECAC /* LesPreferenceViewController.m */; };
		1A26E79A16F1C81D00EC72E8 /* QuartzCore.framework in Frameworks */ = {isa = PBXBuildFile; fileRef = 1A26E79916F1C81D00EC72E8 /* QuartzCore.framework */; };
		1A4D73F916F6E209003CFC46 /* LesFavoritesViewController.m in Sources */ = {isa = PBXBuildFile; fileRef = 1A4D73F816F6E209003CFC46 /* LesFavoritesViewController.m */; };
		1A874F0016F9534A0050517E /* Favorites.m in Sources */ = {isa = PBXBuildFile; fileRef = 1A874EFF16F9534A0050517E /* Favorites.m */; };
		1A98490B16F2FFE6008B69EA /* LesSearchViewController.m in Sources */ = {isa = PBXBuildFile; fileRef = 1A98490A16F2FFE6008B69EA /* LesSearchViewController.m */; };
		1ACF92D416F36C1D006ACE08 /* Static in Resources */ = {isa = PBXBuildFile; fileRef = 1ACF92D316F36C1D006ACE08 /* Static */; };
		1AE4C3FC16F0532800EB7C10 /* NSDate+PrettyDate.m in Sources */ = {isa = PBXBuildFile; fileRef = 1AE4C3FB16F0532800EB7C10 /* NSDate+PrettyDate.m */; };
		1AF87C8116EB6B27003292B0 /* FMDatabase.m in Sources */ = {isa = PBXBuildFile; fileRef = 1AF87C7716EB6B27003292B0 /* FMDatabase.m */; };
		1AF87C8216EB6B27003292B0 /* FMDatabaseAdditions.m in Sources */ = {isa = PBXBuildFile; fileRef = 1AF87C7916EB6B27003292B0 /* FMDatabaseAdditions.m */; };
		1AF87C8316EB6B27003292B0 /* FMDatabasePool.m in Sources */ = {isa = PBXBuildFile; fileRef = 1AF87C7B16EB6B27003292B0 /* FMDatabasePool.m */; };
		1AF87C8416EB6B27003292B0 /* FMDatabaseQueue.m in Sources */ = {isa = PBXBuildFile; fileRef = 1AF87C7D16EB6B27003292B0 /* FMDatabaseQueue.m */; };
		1AF87C8616EB6B27003292B0 /* FMResultSet.m in Sources */ = {isa = PBXBuildFile; fileRef = 1AF87C8016EB6B27003292B0 /* FMResultSet.m */; };
		1AF87C8816EB6BFC003292B0 /* libsqlite3.dylib in Frameworks */ = {isa = PBXBuildFile; fileRef = 1AF87C8716EB6BFC003292B0 /* libsqlite3.dylib */; };
		4267057716F5574000295AD7 /* Localizable.strings in Resources */ = {isa = PBXBuildFile; fileRef = 4267057916F5574000295AD7 /* Localizable.strings */; };
		AB69A25E16EC8D070037E52E /* WebViewProxy.h in Sources */ = {isa = PBXBuildFile; fileRef = AB69A25C16EC8D070037E52E /* WebViewProxy.h */; };
		AB69A25F16EC8D070037E52E /* WebViewProxy.m in Sources */ = {isa = PBXBuildFile; fileRef = AB69A25D16EC8D070037E52E /* WebViewProxy.m */; };
/* End PBXBuildFile section */

/* Begin PBXFileReference section */
		1A1A4A5B16EB123400EF7BBE /* Miserables.app */ = {isa = PBXFileReference; explicitFileType = wrapper.application; includeInIndex = 0; path = Miserables.app; sourceTree = BUILT_PRODUCTS_DIR; };
		1A1A4A5E16EB123400EF7BBE /* UIKit.framework */ = {isa = PBXFileReference; lastKnownFileType = wrapper.framework; name = UIKit.framework; path = System/Library/Frameworks/UIKit.framework; sourceTree = SDKROOT; };
		1A1A4A6016EB123400EF7BBE /* Foundation.framework */ = {isa = PBXFileReference; lastKnownFileType = wrapper.framework; name = Foundation.framework; path = System/Library/Frameworks/Foundation.framework; sourceTree = SDKROOT; };
		1A1A4A6216EB123400EF7BBE /* CoreGraphics.framework */ = {isa = PBXFileReference; lastKnownFileType = wrapper.framework; name = CoreGraphics.framework; path = System/Library/Frameworks/CoreGraphics.framework; sourceTree = SDKROOT; };
		1A1A4A6616EB123400EF7BBE /* Miserables-Info.plist */ = {isa = PBXFileReference; lastKnownFileType = text.plist.xml; path = "Miserables-Info.plist"; sourceTree = "<group>"; };
		1A1A4A6A16EB123400EF7BBE /* main.m */ = {isa = PBXFileReference; lastKnownFileType = sourcecode.c.objc; path = main.m; sourceTree = "<group>"; };
		1A1A4A6C16EB123400EF7BBE /* Miserables-Prefix.pch */ = {isa = PBXFileReference; lastKnownFileType = sourcecode.c.h; path = "Miserables-Prefix.pch"; sourceTree = "<group>"; };
		1A1A4A6D16EB123400EF7BBE /* LesAppDelegate.h */ = {isa = PBXFileReference; lastKnownFileType = sourcecode.c.h; path = LesAppDelegate.h; sourceTree = "<group>"; };
		1A1A4A6E16EB123400EF7BBE /* LesAppDelegate.m */ = {isa = PBXFileReference; lastKnownFileType = sourcecode.c.objc; path = LesAppDelegate.m; sourceTree = "<group>"; };
		1A1A4A7016EB123400EF7BBE /* Default.png */ = {isa = PBXFileReference; lastKnownFileType = image.png; path = Default.png; sourceTree = "<group>"; };
		1A1A4A7216EB123400EF7BBE /* Default@2x.png */ = {isa = PBXFileReference; lastKnownFileType = image.png; path = "Default@2x.png"; sourceTree = "<group>"; };
		1A1A4A7416EB123400EF7BBE /* Default-568h@2x.png */ = {isa = PBXFileReference; lastKnownFileType = image.png; path = "Default-568h@2x.png"; sourceTree = "<group>"; };
		1A1A4A7916EB123400EF7BBE /* LesViewController.h */ = {isa = PBXFileReference; lastKnownFileType = sourcecode.c.h; path = LesViewController.h; sourceTree = "<group>"; };
		1A1A4A7A16EB123400EF7BBE /* LesViewController.m */ = {isa = PBXFileReference; lastKnownFileType = sourcecode.c.objc; path = LesViewController.m; sourceTree = "<group>"; };
		1A1A4A8516EB1E4900EF7BBE /* icon.png */ = {isa = PBXFileReference; lastKnownFileType = image.png; name = icon.png; path = ../icon.png; sourceTree = "<group>"; };
		1A1A4A8716EB1E5000EF7BBE /* icon@2x.png */ = {isa = PBXFileReference; lastKnownFileType = image.png; name = "icon@2x.png"; path = "../icon@2x.png"; sourceTree = "<group>"; };
		1A1F4BD116F7070D00A3989D /* favorite_0.png */ = {isa = PBXFileReference; lastKnownFileType = image.png; name = favorite_0.png; path = miserables/UI/favorite_0.png; sourceTree = SOURCE_ROOT; };
		1A1F4BD316F707E300A3989D /* favorite_1.png */ = {isa = PBXFileReference; lastKnownFileType = image.png; name = favorite_1.png; path = miserables/UI/favorite_1.png; sourceTree = SOURCE_ROOT; };
		1A22CF8D16EDF3E500ED9EF5 /* AFHTTPClient.h */ = {isa = PBXFileReference; fileEncoding = 4; lastKnownFileType = sourcecode.c.h; path = AFHTTPClient.h; sourceTree = "<group>"; };
		1A22CF8E16EDF3E500ED9EF5 /* AFHTTPClient.m */ = {isa = PBXFileReference; fileEncoding = 4; lastKnownFileType = sourcecode.c.objc; path = AFHTTPClient.m; sourceTree = "<group>"; };
		1A22CF8F16EDF3E500ED9EF5 /* AFHTTPRequestOperation.h */ = {isa = PBXFileReference; fileEncoding = 4; lastKnownFileType = sourcecode.c.h; path = AFHTTPRequestOperation.h; sourceTree = "<group>"; };
		1A22CF9016EDF3E500ED9EF5 /* AFHTTPRequestOperation.m */ = {isa = PBXFileReference; fileEncoding = 4; lastKnownFileType = sourcecode.c.objc; path = AFHTTPRequestOperation.m; sourceTree = "<group>"; };
		1A22CF9116EDF3E500ED9EF5 /* AFImageRequestOperation.h */ = {isa = PBXFileReference; fileEncoding = 4; lastKnownFileType = sourcecode.c.h; path = AFImageRequestOperation.h; sourceTree = "<group>"; };
		1A22CF9216EDF3E500ED9EF5 /* AFImageRequestOperation.m */ = {isa = PBXFileReference; fileEncoding = 4; lastKnownFileType = sourcecode.c.objc; path = AFImageRequestOperation.m; sourceTree = "<group>"; };
		1A22CF9316EDF3E500ED9EF5 /* AFJSONRequestOperation.h */ = {isa = PBXFileReference; fileEncoding = 4; lastKnownFileType = sourcecode.c.h; path = AFJSONRequestOperation.h; sourceTree = "<group>"; };
		1A22CF9416EDF3E500ED9EF5 /* AFJSONRequestOperation.m */ = {isa = PBXFileReference; fileEncoding = 4; lastKnownFileType = sourcecode.c.objc; path = AFJSONRequestOperation.m; sourceTree = "<group>"; };
		1A22CF9516EDF3E500ED9EF5 /* AFNetworkActivityIndicatorManager.h */ = {isa = PBXFileReference; fileEncoding = 4; lastKnownFileType = sourcecode.c.h; path = AFNetworkActivityIndicatorManager.h; sourceTree = "<group>"; };
		1A22CF9616EDF3E500ED9EF5 /* AFNetworkActivityIndicatorManager.m */ = {isa = PBXFileReference; fileEncoding = 4; lastKnownFileType = sourcecode.c.objc; path = AFNetworkActivityIndicatorManager.m; sourceTree = "<group>"; };
		1A22CF9716EDF3E500ED9EF5 /* AFNetworking.h */ = {isa = PBXFileReference; fileEncoding = 4; lastKnownFileType = sourcecode.c.h; path = AFNetworking.h; sourceTree = "<group>"; };
		1A22CF9816EDF3E500ED9EF5 /* AFPropertyListRequestOperation.h */ = {isa = PBXFileReference; fileEncoding = 4; lastKnownFileType = sourcecode.c.h; path = AFPropertyListRequestOperation.h; sourceTree = "<group>"; };
		1A22CF9916EDF3E500ED9EF5 /* AFPropertyListRequestOperation.m */ = {isa = PBXFileReference; fileEncoding = 4; lastKnownFileType = sourcecode.c.objc; path = AFPropertyListRequestOperation.m; sourceTree = "<group>"; };
		1A22CF9A16EDF3E500ED9EF5 /* AFURLConnectionOperation.h */ = {isa = PBXFileReference; fileEncoding = 4; lastKnownFileType = sourcecode.c.h; path = AFURLConnectionOperation.h; sourceTree = "<group>"; };
		1A22CF9B16EDF3E500ED9EF5 /* AFURLConnectionOperation.m */ = {isa = PBXFileReference; fileEncoding = 4; lastKnownFileType = sourcecode.c.objc; path = AFURLConnectionOperation.m; sourceTree = "<group>"; };
		1A22CF9C16EDF3E500ED9EF5 /* AFXMLRequestOperation.h */ = {isa = PBXFileReference; fileEncoding = 4; lastKnownFileType = sourcecode.c.h; path = AFXMLRequestOperation.h; sourceTree = "<group>"; };
		1A22CF9D16EDF3E500ED9EF5 /* AFXMLRequestOperation.m */ = {isa = PBXFileReference; fileEncoding = 4; lastKnownFileType = sourcecode.c.objc; path = AFXMLRequestOperation.m; sourceTree = "<group>"; };
		1A22CF9E16EDF3E500ED9EF5 /* UIImageView+AFNetworking.h */ = {isa = PBXFileReference; fileEncoding = 4; lastKnownFileType = sourcecode.c.h; path = "UIImageView+AFNetworking.h"; sourceTree = "<group>"; };
		1A22CF9F16EDF3E500ED9EF5 /* UIImageView+AFNetworking.m */ = {isa = PBXFileReference; fileEncoding = 4; lastKnownFileType = sourcecode.c.objc; path = "UIImageView+AFNetworking.m"; sourceTree = "<group>"; };
		1A22CFAB16EDF9F700ED9EF5 /* AFDownloadRequestOperation.h */ = {isa = PBXFileReference; fileEncoding = 4; lastKnownFileType = sourcecode.c.h; path = AFDownloadRequestOperation.h; sourceTree = "<group>"; };
		1A22CFAC16EDF9F700ED9EF5 /* AFDownloadRequestOperation.m */ = {isa = PBXFileReference; fileEncoding = 4; lastKnownFileType = sourcecode.c.objc; path = AFDownloadRequestOperation.m; sourceTree = "<group>"; };
		1A22CFAD16EDF9F700ED9EF5 /* AFDownloadRequestOperation.podspec */ = {isa = PBXFileReference; fileEncoding = 4; lastKnownFileType = text; path = AFDownloadRequestOperation.podspec; sourceTree = "<group>"; };
		1A22CFAE16EDF9F700ED9EF5 /* LICENCE */ = {isa = PBXFileReference; fileEncoding = 4; lastKnownFileType = text; path = LICENCE; sourceTree = "<group>"; };
		1A22CFAF16EDF9F700ED9EF5 /* README.md */ = {isa = PBXFileReference; fileEncoding = 4; lastKnownFileType = text; path = README.md; sourceTree = "<group>"; };
		1A22CFB416EE094800ED9EF5 /* LesNavigationController.h */ = {isa = PBXFileReference; fileEncoding = 4; lastKnownFileType = sourcecode.c.h; name = LesNavigationController.h; path = miserables/LesNavigationController.h; sourceTree = SOURCE_ROOT; };
		1A22CFB516EE094800ED9EF5 /* LesNavigationController.m */ = {isa = PBXFileReference; fileEncoding = 4; lastKnownFileType = sourcecode.c.objc; name = LesNavigationController.m; path = miserables/LesNavigationController.m; sourceTree = SOURCE_ROOT; };
		1A25565A16EC881D004BECAC /* CoreLocation.framework */ = {isa = PBXFileReference; lastKnownFileType = wrapper.framework; name = CoreLocation.framework; path = System/Library/Frameworks/CoreLocation.framework; sourceTree = SDKROOT; };
		1A25565C16EC8826004BECAC /* MapKit.framework */ = {isa = PBXFileReference; lastKnownFileType = wrapper.framework; name = MapKit.framework; path = System/Library/Frameworks/MapKit.framework; sourceTree = SDKROOT; };
		1A25565F16EC8B1D004BECAC /* LesPreferenceViewController.h */ = {isa = PBXFileReference; fileEncoding = 4; lastKnownFileType = sourcecode.c.h; name = LesPreferenceViewController.h; path = miserables/LesPreferenceViewController.h; sourceTree = SOURCE_ROOT; };
		1A25566016EC8B1D004BECAC /* LesPreferenceViewController.m */ = {isa = PBXFileReference; fileEncoding = 4; lastKnownFileType = sourcecode.c.objc; name = LesPreferenceViewController.m; path = miserables/LesPreferenceViewController.m; sourceTree = SOURCE_ROOT; };
		1A26E79916F1C81D00EC72E8 /* QuartzCore.framework */ = {isa = PBXFileReference; lastKnownFileType = wrapper.framework; name = QuartzCore.framework; path = System/Library/Frameworks/QuartzCore.framework; sourceTree = SDKROOT; };
		1A4D73F716F6E209003CFC46 /* LesFavoritesViewController.h */ = {isa = PBXFileReference; fileEncoding = 4; lastKnownFileType = sourcecode.c.h; name = LesFavoritesViewController.h; path = miserables/LesFavoritesViewController.h; sourceTree = SOURCE_ROOT; };
		1A4D73F816F6E209003CFC46 /* LesFavoritesViewController.m */ = {isa = PBXFileReference; fileEncoding = 4; lastKnownFileType = sourcecode.c.objc; name = LesFavoritesViewController.m; path = miserables/LesFavoritesViewController.m; sourceTree = SOURCE_ROOT; };
		1A874EFE16F9534A0050517E /* Favorites.h */ = {isa = PBXFileReference; fileEncoding = 4; lastKnownFileType = sourcecode.c.h; name = Favorites.h; path = miserables/Modal/Favorites.h; sourceTree = SOURCE_ROOT; };
		1A874EFF16F9534A0050517E /* Favorites.m */ = {isa = PBXFileReference; fileEncoding = 4; lastKnownFileType = sourcecode.c.objc; name = Favorites.m; path = miserables/Modal/Favorites.m; sourceTree = SOURCE_ROOT; };
		1A98490916F2FFE6008B69EA /* LesSearchViewController.h */ = {isa = PBXFileReference; fileEncoding = 4; lastKnownFileType = sourcecode.c.h; name = LesSearchViewController.h; path = miserables/LesSearchViewController.h; sourceTree = SOURCE_ROOT; };
		1A98490A16F2FFE6008B69EA /* LesSearchViewController.m */ = {isa = PBXFileReference; fileEncoding = 4; lastKnownFileType = sourcecode.c.objc; name = LesSearchViewController.m; path = miserables/LesSearchViewController.m; sourceTree = SOURCE_ROOT; };
		1ACF92D316F36C1D006ACE08 /* Static */ = {isa = PBXFileReference; lastKnownFileType = folder; path = Static; sourceTree = "<group>"; };
		1AE4C3FA16F0532800EB7C10 /* NSDate+PrettyDate.h */ = {isa = PBXFileReference; fileEncoding = 4; lastKnownFileType = sourcecode.c.h; name = "NSDate+PrettyDate.h"; path = "miserables/Common/NSDate+PrettyDate.h"; sourceTree = SOURCE_ROOT; };
		1AE4C3FB16F0532800EB7C10 /* NSDate+PrettyDate.m */ = {isa = PBXFileReference; fileEncoding = 4; lastKnownFileType = sourcecode.c.objc; name = "NSDate+PrettyDate.m"; path = "miserables/Common/NSDate+PrettyDate.m"; sourceTree = SOURCE_ROOT; };
		1AF87C7616EB6B27003292B0 /* FMDatabase.h */ = {isa = PBXFileReference; fileEncoding = 4; lastKnownFileType = sourcecode.c.h; path = FMDatabase.h; sourceTree = "<group>"; };
		1AF87C7716EB6B27003292B0 /* FMDatabase.m */ = {isa = PBXFileReference; fileEncoding = 4; lastKnownFileType = sourcecode.c.objc; path = FMDatabase.m; sourceTree = "<group>"; };
		1AF87C7816EB6B27003292B0 /* FMDatabaseAdditions.h */ = {isa = PBXFileReference; fileEncoding = 4; lastKnownFileType = sourcecode.c.h; path = FMDatabaseAdditions.h; sourceTree = "<group>"; };
		1AF87C7916EB6B27003292B0 /* FMDatabaseAdditions.m */ = {isa = PBXFileReference; fileEncoding = 4; lastKnownFileType = sourcecode.c.objc; path = FMDatabaseAdditions.m; sourceTree = "<group>"; };
		1AF87C7A16EB6B27003292B0 /* FMDatabasePool.h */ = {isa = PBXFileReference; fileEncoding = 4; lastKnownFileType = sourcecode.c.h; path = FMDatabasePool.h; sourceTree = "<group>"; };
		1AF87C7B16EB6B27003292B0 /* FMDatabasePool.m */ = {isa = PBXFileReference; fileEncoding = 4; lastKnownFileType = sourcecode.c.objc; path = FMDatabasePool.m; sourceTree = "<group>"; };
		1AF87C7C16EB6B27003292B0 /* FMDatabaseQueue.h */ = {isa = PBXFileReference; fileEncoding = 4; lastKnownFileType = sourcecode.c.h; path = FMDatabaseQueue.h; sourceTree = "<group>"; };
		1AF87C7D16EB6B27003292B0 /* FMDatabaseQueue.m */ = {isa = PBXFileReference; fileEncoding = 4; lastKnownFileType = sourcecode.c.objc; path = FMDatabaseQueue.m; sourceTree = "<group>"; };
		1AF87C7F16EB6B27003292B0 /* FMResultSet.h */ = {isa = PBXFileReference; fileEncoding = 4; lastKnownFileType = sourcecode.c.h; path = FMResultSet.h; sourceTree = "<group>"; };
		1AF87C8016EB6B27003292B0 /* FMResultSet.m */ = {isa = PBXFileReference; fileEncoding = 4; lastKnownFileType = sourcecode.c.objc; path = FMResultSet.m; sourceTree = "<group>"; };
		1AF87C8716EB6BFC003292B0 /* libsqlite3.dylib */ = {isa = PBXFileReference; lastKnownFileType = "compiled.mach-o.dylib"; name = libsqlite3.dylib; path = usr/lib/libsqlite3.dylib; sourceTree = SDKROOT; };
		4267057A16F5579E00295AD7 /* zh-Hans */ = {isa = PBXFileReference; lastKnownFileType = text.plist.strings; name = "zh-Hans"; path = "zh-Hans.lproj/Localizable.strings"; sourceTree = "<group>"; };
		42B75FD916F5601B003D3580 /* zh-Hans */ = {isa = PBXFileReference; lastKnownFileType = file.storyboard; name = "zh-Hans"; path = "zh-Hans.lproj/MainStoryboard.storyboard"; sourceTree = "<group>"; };
		AB69A25C16EC8D070037E52E /* WebViewProxy.h */ = {isa = PBXFileReference; lastKnownFileType = sourcecode.c.h; name = WebViewProxy.h; path = ../../WebViewProxy/WebViewProxy/WebViewProxy.h; sourceTree = "<group>"; };
		AB69A25D16EC8D070037E52E /* WebViewProxy.m */ = {isa = PBXFileReference; lastKnownFileType = sourcecode.c.objc; name = WebViewProxy.m; path = ../../WebViewProxy/WebViewProxy/WebViewProxy.m; sourceTree = "<group>"; };
		AB7930AC16EC4A9600F3A694 /* zh-Hans */ = {isa = PBXFileReference; lastKnownFileType = text.plist.strings; name = "zh-Hans"; path = "zh-Hans.lproj/InfoPlist.strings"; sourceTree = "<group>"; };
/* End PBXFileReference section */

/* Begin PBXFrameworksBuildPhase section */
		1A1A4A5816EB123400EF7BBE /* Frameworks */ = {
			isa = PBXFrameworksBuildPhase;
			buildActionMask = 2147483647;
			files = (
				1A26E79A16F1C81D00EC72E8 /* QuartzCore.framework in Frameworks */,
				1AF87C8816EB6BFC003292B0 /* libsqlite3.dylib in Frameworks */,
				1A1A4A5F16EB123400EF7BBE /* UIKit.framework in Frameworks */,
				1A1A4A6116EB123400EF7BBE /* Foundation.framework in Frameworks */,
				1A1A4A6316EB123400EF7BBE /* CoreGraphics.framework in Frameworks */,
			);
			runOnlyForDeploymentPostprocessing = 0;
		};
/* End PBXFrameworksBuildPhase section */

/* Begin PBXGroup section */
		1A1A4A5216EB123400EF7BBE = {
			isa = PBXGroup;
			children = (
				1ACF92D316F36C1D006ACE08 /* Static */,
				1A1A4A6416EB123400EF7BBE /* Miserables */,
				1A26E79C16F2037E00EC72E8 /* Resources */,
				1A1A4A5D16EB123400EF7BBE /* Frameworks */,
				1A1A4A5C16EB123400EF7BBE /* Products */,
			);
			sourceTree = "<group>";
		};
		1A1A4A5C16EB123400EF7BBE /* Products */ = {
			isa = PBXGroup;
			children = (
				1A1A4A5B16EB123400EF7BBE /* Miserables.app */,
			);
			name = Products;
			sourceTree = "<group>";
		};
		1A1A4A5D16EB123400EF7BBE /* Frameworks */ = {
			isa = PBXGroup;
			children = (
				1A22CFAA16EDF9F700ED9EF5 /* AFDownloadRequestOperation */,
				1A22CF8C16EDF3E500ED9EF5 /* AFNetworking */,
				AB69A26016EC8D0D0037E52E /* WebViewProxy */,
				1AF87C7516EB6B27003292B0 /* FMDB */,
				1AF87C8716EB6BFC003292B0 /* libsqlite3.dylib */,
				1A26E79916F1C81D00EC72E8 /* QuartzCore.framework */,
				1A25565A16EC881D004BECAC /* CoreLocation.framework */,
				1A25565C16EC8826004BECAC /* MapKit.framework */,
				1A1A4A5E16EB123400EF7BBE /* UIKit.framework */,
				1A1A4A6016EB123400EF7BBE /* Foundation.framework */,
				1A1A4A6216EB123400EF7BBE /* CoreGraphics.framework */,
			);
			name = Frameworks;
			sourceTree = "<group>";
		};
		1A1A4A6416EB123400EF7BBE /* Miserables */ = {
			isa = PBXGroup;
			children = (
				1A874F0116F953510050517E /* Modal */,
				1AE4C3FE16F0533400EB7C10 /* Common */,
				1A1A4A6D16EB123400EF7BBE /* LesAppDelegate.h */,
				1A1A4A6E16EB123400EF7BBE /* LesAppDelegate.m */,
				1A1A4A7616EB123400EF7BBE /* MainStoryboard.storyboard */,
				1A4D73F716F6E209003CFC46 /* LesFavoritesViewController.h */,
				1A4D73F816F6E209003CFC46 /* LesFavoritesViewController.m */,
				1A1A4A7916EB123400EF7BBE /* LesViewController.h */,
				1A1A4A7A16EB123400EF7BBE /* LesViewController.m */,
				1A25565F16EC8B1D004BECAC /* LesPreferenceViewController.h */,
				1A25566016EC8B1D004BECAC /* LesPreferenceViewController.m */,
				1A22CFB416EE094800ED9EF5 /* LesNavigationController.h */,
				1A22CFB516EE094800ED9EF5 /* LesNavigationController.m */,
				1A98490916F2FFE6008B69EA /* LesSearchViewController.h */,
				1A98490A16F2FFE6008B69EA /* LesSearchViewController.m */,
				1A1A4A6516EB123400EF7BBE /* Supporting Files */,
			);
			path = Miserables;
			sourceTree = "<group>";
		};
		1A1A4A6516EB123400EF7BBE /* Supporting Files */ = {
			isa = PBXGroup;
			children = (
				1A1A4A6616EB123400EF7BBE /* Miserables-Info.plist */,
				1A1A4A6716EB123400EF7BBE /* InfoPlist.strings */,
				1A1A4A6A16EB123400EF7BBE /* main.m */,
				4267057916F5574000295AD7 /* Localizable.strings */,
				1A1A4A6C16EB123400EF7BBE /* Miserables-Prefix.pch */,
				1A1A4A7016EB123400EF7BBE /* Default.png */,
				1A1A4A7216EB123400EF7BBE /* Default@2x.png */,
				1A1A4A7416EB123400EF7BBE /* Default-568h@2x.png */,
			);
			name = "Supporting Files";
			sourceTree = "<group>";
		};
		1A22CF8C16EDF3E500ED9EF5 /* AFNetworking */ = {
			isa = PBXGroup;
			children = (
				1A22CF8D16EDF3E500ED9EF5 /* AFHTTPClient.h */,
				1A22CF8E16EDF3E500ED9EF5 /* AFHTTPClient.m */,
				1A22CF8F16EDF3E500ED9EF5 /* AFHTTPRequestOperation.h */,
				1A22CF9016EDF3E500ED9EF5 /* AFHTTPRequestOperation.m */,
				1A22CF9116EDF3E500ED9EF5 /* AFImageRequestOperation.h */,
				1A22CF9216EDF3E500ED9EF5 /* AFImageRequestOperation.m */,
				1A22CF9316EDF3E500ED9EF5 /* AFJSONRequestOperation.h */,
				1A22CF9416EDF3E500ED9EF5 /* AFJSONRequestOperation.m */,
				1A22CF9516EDF3E500ED9EF5 /* AFNetworkActivityIndicatorManager.h */,
				1A22CF9616EDF3E500ED9EF5 /* AFNetworkActivityIndicatorManager.m */,
				1A22CF9716EDF3E500ED9EF5 /* AFNetworking.h */,
				1A22CF9816EDF3E500ED9EF5 /* AFPropertyListRequestOperation.h */,
				1A22CF9916EDF3E500ED9EF5 /* AFPropertyListRequestOperation.m */,
				1A22CF9A16EDF3E500ED9EF5 /* AFURLConnectionOperation.h */,
				1A22CF9B16EDF3E500ED9EF5 /* AFURLConnectionOperation.m */,
				1A22CF9C16EDF3E500ED9EF5 /* AFXMLRequestOperation.h */,
				1A22CF9D16EDF3E500ED9EF5 /* AFXMLRequestOperation.m */,
				1A22CF9E16EDF3E500ED9EF5 /* UIImageView+AFNetworking.h */,
				1A22CF9F16EDF3E500ED9EF5 /* UIImageView+AFNetworking.m */,
			);
			name = AFNetworking;
			path = AFNetworking/AFNetworking;
			sourceTree = "<group>";
		};
		1A22CFAA16EDF9F700ED9EF5 /* AFDownloadRequestOperation */ = {
			isa = PBXGroup;
			children = (
				1A22CFAB16EDF9F700ED9EF5 /* AFDownloadRequestOperation.h */,
				1A22CFAC16EDF9F700ED9EF5 /* AFDownloadRequestOperation.m */,
				1A22CFAD16EDF9F700ED9EF5 /* AFDownloadRequestOperation.podspec */,
				1A22CFAE16EDF9F700ED9EF5 /* LICENCE */,
				1A22CFAF16EDF9F700ED9EF5 /* README.md */,
			);
			path = AFDownloadRequestOperation;
			sourceTree = "<group>";
		};
		1A26E79C16F2037E00EC72E8 /* Resources */ = {
			isa = PBXGroup;
			children = (
				1A1F4BD116F7070D00A3989D /* favorite_0.png */,
				1A1F4BD316F707E300A3989D /* favorite_1.png */,
				1A1A4A8516EB1E4900EF7BBE /* icon.png */,
				1A1A4A8716EB1E5000EF7BBE /* icon@2x.png */,
			);
			name = Resources;
			path = Miserables;
			sourceTree = "<group>";
		};
		1A874F0116F953510050517E /* Modal */ = {
			isa = PBXGroup;
			children = (
				1A874EFE16F9534A0050517E /* Favorites.h */,
				1A874EFF16F9534A0050517E /* Favorites.m */,
			);
			name = Modal;
			sourceTree = "<group>";
		};
		1AE4C3FE16F0533400EB7C10 /* Common */ = {
			isa = PBXGroup;
			children = (
				1AE4C3FA16F0532800EB7C10 /* NSDate+PrettyDate.h */,
				1AE4C3FB16F0532800EB7C10 /* NSDate+PrettyDate.m */,
			);
			name = Common;
			sourceTree = "<group>";
		};
		1AF87C7516EB6B27003292B0 /* FMDB */ = {
			isa = PBXGroup;
			children = (
				1AF87C7616EB6B27003292B0 /* FMDatabase.h */,
				1AF87C7716EB6B27003292B0 /* FMDatabase.m */,
				1AF87C7816EB6B27003292B0 /* FMDatabaseAdditions.h */,
				1AF87C7916EB6B27003292B0 /* FMDatabaseAdditions.m */,
				1AF87C7A16EB6B27003292B0 /* FMDatabasePool.h */,
				1AF87C7B16EB6B27003292B0 /* FMDatabasePool.m */,
				1AF87C7C16EB6B27003292B0 /* FMDatabaseQueue.h */,
				1AF87C7D16EB6B27003292B0 /* FMDatabaseQueue.m */,
				1AF87C7F16EB6B27003292B0 /* FMResultSet.h */,
				1AF87C8016EB6B27003292B0 /* FMResultSet.m */,
			);
			name = FMDB;
			path = fmdb/src;
			sourceTree = "<group>";
		};
		AB69A26016EC8D0D0037E52E /* WebViewProxy */ = {
			isa = PBXGroup;
			children = (
				AB69A25C16EC8D070037E52E /* WebViewProxy.h */,
				AB69A25D16EC8D070037E52E /* WebViewProxy.m */,
			);
			name = WebViewProxy;
			path = fmdb/src;
			sourceTree = "<group>";
		};
/* End PBXGroup section */

/* Begin PBXNativeTarget section */
		1A1A4A5A16EB123400EF7BBE /* Miserables */ = {
			isa = PBXNativeTarget;
			buildConfigurationList = 1A1A4A7E16EB123400EF7BBE /* Build configuration list for PBXNativeTarget "Miserables" */;
			buildPhases = (
				1A1A4A5716EB123400EF7BBE /* Sources */,
				1A1A4A5816EB123400EF7BBE /* Frameworks */,
				1A1A4A5916EB123400EF7BBE /* Resources */,
			);
			buildRules = (
			);
			dependencies = (
			);
			name = Miserables;
			productName = Miserables;
			productReference = 1A1A4A5B16EB123400EF7BBE /* Miserables.app */;
			productType = "com.apple.product-type.application";
		};
/* End PBXNativeTarget section */

/* Begin PBXProject section */
		1A1A4A5316EB123400EF7BBE /* Project object */ = {
			isa = PBXProject;
			attributes = {
				CLASSPREFIX = Les;
				LastUpgradeCheck = 0460;
				ORGANIZATIONNAME = Eksband;
			};
			buildConfigurationList = 1A1A4A5616EB123400EF7BBE /* Build configuration list for PBXProject "miserables" */;
			compatibilityVersion = "Xcode 3.2";
			developmentRegion = English;
			hasScannedForEncodings = 0;
			knownRegions = (
				en,
				"zh-Hans",
				Base,
			);
			mainGroup = 1A1A4A5216EB123400EF7BBE;
			productRefGroup = 1A1A4A5C16EB123400EF7BBE /* Products */;
			projectDirPath = "";
			projectRoot = "";
			targets = (
				1A1A4A5A16EB123400EF7BBE /* Miserables */,
			);
		};
/* End PBXProject section */

/* Begin PBXResourcesBuildPhase section */
		1A1A4A5916EB123400EF7BBE /* Resources */ = {
			isa = PBXResourcesBuildPhase;
			buildActionMask = 2147483647;
			files = (
				1ACF92D416F36C1D006ACE08 /* Static in Resources */,
				1A1A4A6916EB123400EF7BBE /* InfoPlist.strings in Resources */,
				1A1A4A7116EB123400EF7BBE /* Default.png in Resources */,
				1A1A4A7316EB123400EF7BBE /* Default@2x.png in Resources */,
				1A1A4A7516EB123400EF7BBE /* Default-568h@2x.png in Resources */,
				1A1A4A7816EB123400EF7BBE /* MainStoryboard.storyboard in Resources */,
				1A1A4A8616EB1E4900EF7BBE /* icon.png in Resources */,
				1A1A4A8816EB1E5000EF7BBE /* icon@2x.png in Resources */,
				1A22CFB116EDF9F700ED9EF5 /* AFDownloadRequestOperation.podspec in Resources */,
				1A22CFB216EDF9F700ED9EF5 /* LICENCE in Resources */,
				1A22CFB316EDF9F700ED9EF5 /* README.md in Resources */,
				4267057716F5574000295AD7 /* Localizable.strings in Resources */,
				1A1F4BD216F7070D00A3989D /* favorite_0.png in Resources */,
				1A1F4BD416F707E300A3989D /* favorite_1.png in Resources */,
			);
			runOnlyForDeploymentPostprocessing = 0;
		};
/* End PBXResourcesBuildPhase section */

/* Begin PBXSourcesBuildPhase section */
		1A1A4A5716EB123400EF7BBE /* Sources */ = {
			isa = PBXSourcesBuildPhase;
			buildActionMask = 2147483647;
			files = (
				AB69A25E16EC8D070037E52E /* WebViewProxy.h in Sources */,
				AB69A25F16EC8D070037E52E /* WebViewProxy.m in Sources */,
				1A1A4A6B16EB123400EF7BBE /* main.m in Sources */,
				1A1A4A6F16EB123400EF7BBE /* LesAppDelegate.m in Sources */,
				1A1A4A7B16EB123400EF7BBE /* LesViewController.m in Sources */,
				1AF87C8116EB6B27003292B0 /* FMDatabase.m in Sources */,
				1AF87C8216EB6B27003292B0 /* FMDatabaseAdditions.m in Sources */,
				1AF87C8316EB6B27003292B0 /* FMDatabasePool.m in Sources */,
				1AF87C8416EB6B27003292B0 /* FMDatabaseQueue.m in Sources */,
				1AF87C8616EB6B27003292B0 /* FMResultSet.m in Sources */,
				1A25566116EC8B1D004BECAC /* LesPreferenceViewController.m in Sources */,
				1A22CFA016EDF3E500ED9EF5 /* AFHTTPClient.m in Sources */,
				1A22CFA116EDF3E500ED9EF5 /* AFHTTPRequestOperation.m in Sources */,
				1A22CFA216EDF3E500ED9EF5 /* AFImageRequestOperation.m in Sources */,
				1A22CFA316EDF3E500ED9EF5 /* AFJSONRequestOperation.m in Sources */,
				1A22CFA416EDF3E500ED9EF5 /* AFNetworkActivityIndicatorManager.m in Sources */,
				1A22CFA516EDF3E500ED9EF5 /* AFPropertyListRequestOperation.m in Sources */,
				1A22CFA616EDF3E500ED9EF5 /* AFURLConnectionOperation.m in Sources */,
				1A22CFA716EDF3E500ED9EF5 /* AFXMLRequestOperation.m in Sources */,
				1A22CFA816EDF3E500ED9EF5 /* UIImageView+AFNetworking.m in Sources */,
				1A22CFB016EDF9F700ED9EF5 /* AFDownloadRequestOperation.m in Sources */,
				1A22CFB616EE094800ED9EF5 /* LesNavigationController.m in Sources */,
				1AE4C3FC16F0532800EB7C10 /* NSDate+PrettyDate.m in Sources */,
				1A98490B16F2FFE6008B69EA /* LesSearchViewController.m in Sources */,
				1A4D73F916F6E209003CFC46 /* LesFavoritesViewController.m in Sources */,
				1A874F0016F9534A0050517E /* Favorites.m in Sources */,
			);
			runOnlyForDeploymentPostprocessing = 0;
		};
/* End PBXSourcesBuildPhase section */

/* Begin PBXVariantGroup section */
		1A1A4A6716EB123400EF7BBE /* InfoPlist.strings */ = {
			isa = PBXVariantGroup;
			children = (
				AB7930AC16EC4A9600F3A694 /* zh-Hans */,
			);
			name = InfoPlist.strings;
			sourceTree = "<group>";
		};
		1A1A4A7616EB123400EF7BBE /* MainStoryboard.storyboard */ = {
			isa = PBXVariantGroup;
			children = (
				42B75FD916F5601B003D3580 /* zh-Hans */,
			);
			name = MainStoryboard.storyboard;
			sourceTree = "<group>";
		};
		4267057916F5574000295AD7 /* Localizable.strings */ = {
			isa = PBXVariantGroup;
			children = (
				4267057A16F5579E00295AD7 /* zh-Hans */,
			);
			name = Localizable.strings;
			path = ..;
			sourceTree = "<group>";
		};
/* End PBXVariantGroup section */

/* Begin XCBuildConfiguration section */
		1A1A4A7C16EB123400EF7BBE /* Debug */ = {
			isa = XCBuildConfiguration;
			buildSettings = {
				ALWAYS_SEARCH_USER_PATHS = NO;
				CLANG_CXX_LANGUAGE_STANDARD = "gnu++0x";
				CLANG_CXX_LIBRARY = "libc++";
				CLANG_ENABLE_OBJC_ARC = YES;
				CLANG_WARN_CONSTANT_CONVERSION = YES;
				CLANG_WARN_EMPTY_BODY = YES;
				CLANG_WARN_ENUM_CONVERSION = YES;
				CLANG_WARN_INT_CONVERSION = YES;
				CLANG_WARN__DUPLICATE_METHOD_MATCH = YES;
				CODE_SIGN_IDENTITY = "iPhone Developer: LIU Dongyuan (T89Y4R3748)";
				"CODE_SIGN_IDENTITY[sdk=iphoneos*]" = "iPhone Developer: LIU Dongyuan (T89Y4R3748)";
				COPY_PHASE_STRIP = NO;
				GCC_C_LANGUAGE_STANDARD = gnu99;
				GCC_DYNAMIC_NO_PIC = NO;
				GCC_OPTIMIZATION_LEVEL = 0;
				GCC_PREPROCESSOR_DEFINITIONS = (
					"DEBUG=1",
					"$(inherited)",
				);
				GCC_SYMBOLS_PRIVATE_EXTERN = NO;
				GCC_WARN_ABOUT_RETURN_TYPE = YES;
				GCC_WARN_UNINITIALIZED_AUTOS = YES;
				GCC_WARN_UNUSED_VARIABLE = YES;
				IPHONEOS_DEPLOYMENT_TARGET = 6.1;
				ONLY_ACTIVE_ARCH = YES;
				PROVISIONING_PROFILE = "";
				"PROVISIONING_PROFILE[sdk=iphoneos*]" = "";
				SDKROOT = iphoneos;
			};
			name = Debug;
		};
		1A1A4A7D16EB123400EF7BBE /* Release */ = {
			isa = XCBuildConfiguration;
			buildSettings = {
				ALWAYS_SEARCH_USER_PATHS = NO;
				CLANG_CXX_LANGUAGE_STANDARD = "gnu++0x";
				CLANG_CXX_LIBRARY = "libc++";
				CLANG_ENABLE_OBJC_ARC = YES;
				CLANG_WARN_CONSTANT_CONVERSION = YES;
				CLANG_WARN_EMPTY_BODY = YES;
				CLANG_WARN_ENUM_CONVERSION = YES;
				CLANG_WARN_INT_CONVERSION = YES;
				CLANG_WARN__DUPLICATE_METHOD_MATCH = YES;
				CODE_SIGN_IDENTITY = "iPhone Developer: LIU Dongyuan (T89Y4R3748)";
				"CODE_SIGN_IDENTITY[sdk=iphoneos*]" = "iPhone Developer: LIU Dongyuan (T89Y4R3748)";
				COPY_PHASE_STRIP = YES;
				GCC_C_LANGUAGE_STANDARD = gnu99;
				GCC_WARN_ABOUT_RETURN_TYPE = YES;
				GCC_WARN_UNINITIALIZED_AUTOS = YES;
				GCC_WARN_UNUSED_VARIABLE = YES;
				IPHONEOS_DEPLOYMENT_TARGET = 6.1;
				OTHER_CFLAGS = "-DNS_BLOCK_ASSERTIONS=1";
				PROVISIONING_PROFILE = "";
				"PROVISIONING_PROFILE[sdk=iphoneos*]" = "";
				SDKROOT = iphoneos;
				VALIDATE_PRODUCT = YES;
			};
			name = Release;
		};
		1A1A4A7F16EB123400EF7BBE /* Debug */ = {
			isa = XCBuildConfiguration;
			buildSettings = {
				ALWAYS_SEARCH_USER_PATHS = YES;
				CODE_SIGN_IDENTITY = "iPhone Developer";
				"CODE_SIGN_IDENTITY[sdk=iphoneos*]" = "iPhone Developer";
				GCC_PRECOMPILE_PREFIX_HEADER = YES;
				GCC_PREFIX_HEADER = "Miserables/Miserables-Prefix.pch";
				INFOPLIST_FILE = "Miserables/Miserables-Info.plist";
				OTHER_LDFLAGS = "";
				PRODUCT_NAME = "$(TARGET_NAME)";
				PROVISIONING_PROFILE = "";
				"PROVISIONING_PROFILE[sdk=iphoneos*]" = "";
				USER_HEADER_SEARCH_PATHS = "";
				WRAPPER_EXTENSION = app;
			};
			name = Debug;
		};
		1A1A4A8016EB123400EF7BBE /* Release */ = {
			isa = XCBuildConfiguration;
			buildSettings = {
				ALWAYS_SEARCH_USER_PATHS = YES;
				CODE_SIGN_IDENTITY = "iPhone Distribution";
				"CODE_SIGN_IDENTITY[sdk=iphoneos*]" = "iPhone Distribution";
				GCC_PRECOMPILE_PREFIX_HEADER = YES;
				GCC_PREFIX_HEADER = "Miserables/Miserables-Prefix.pch";
				INFOPLIST_FILE = "Miserables/Miserables-Info.plist";
				OTHER_LDFLAGS = "";
				PRODUCT_NAME = "$(TARGET_NAME)";
				PROVISIONING_PROFILE = "";
				"PROVISIONING_PROFILE[sdk=iphoneos*]" = "";
				USER_HEADER_SEARCH_PATHS = "";
				WRAPPER_EXTENSION = app;
			};
			name = Release;
		};
/* End XCBuildConfiguration section */

/* Begin XCConfigurationList section */
		1A1A4A5616EB123400EF7BBE /* Build configuration list for PBXProject "miserables" */ = {
			isa = XCConfigurationList;
			buildConfigurations = (
				1A1A4A7C16EB123400EF7BBE /* Debug */,
				1A1A4A7D16EB123400EF7BBE /* Release */,
			);
			defaultConfigurationIsVisible = 0;
			defaultConfigurationName = Release;
		};
		1A1A4A7E16EB123400EF7BBE /* Build configuration list for PBXNativeTarget "Miserables" */ = {
			isa = XCConfigurationList;
			buildConfigurations = (
				1A1A4A7F16EB123400EF7BBE /* Debug */,
				1A1A4A8016EB123400EF7BBE /* Release */,
			);
			defaultConfigurationIsVisible = 0;
			defaultConfigurationName = Release;
		};
/* End XCConfigurationList section */
	};
	rootObject = 1A1A4A5316EB123400EF7BBE /* Project object */;
}
